
Microsoft Visual Studio Solution File, Format Version 12.00
# Visual Studio Version 17
VisualStudioVersion = 17.13.35825.156 d17.13
MinimumVisualStudioVersion = 10.0.40219.1
Project("{FAE04EC0-301F-11D3-BF4B-00C04F79EFBC}") = "SalesAPI", "SalesAPI\SalesAPI.csproj", "{13EAF004-B3CB-4A77-BBD5-7A8BBE3846AF}"
EndProject
Global
	GlobalSection(SolutionConfigurationPlatforms) = preSolution
		Debug|Any CPU = Debug|Any CPU
		Release|Any CPU = Release|Any CPU
	EndGlobalSection
	GlobalSection(ProjectConfigurationPlatforms) = postSolution
		{13EAF004-B3CB-4A77-BBD5-7A8BBE3846AF}.Debug|Any CPU.ActiveCfg = Debug|Any CPU
		{13EAF004-B3CB-4A77-BBD5-7A8BBE3846AF}.Debug|Any CPU.Build.0 = Debug|Any CPU
		{13EAF004-B3CB-4A77-BBD5-7A8BBE3846AF}.Release|Any CPU.ActiveCfg = Release|Any CPU
		{13EAF004-B3CB-4A77-BBD5-7A8BBE3846AF}.Release|Any CPU.Build.0 = Release|Any CPU
	EndGlobalSection
	GlobalSection(SolutionProperties) = preSolution
		HideSolutionNode = FALSE
	EndGlobalSection
	GlobalSection(ExtensibilityGlobals) = postSolution
		SolutionGuid = {105D372F-BA09-4AA1-82EA-CF5150FBA0C1}
	EndGlobalSection
EndGlobal
